
Microsoft Visual Studio Solution File, Format Version 11.00
# Visual Studio 2010
Project("{FAE04EC0-301F-11D3-BF4B-00C04F79EFBC}") = "The Run", "The Run\The Run\The Run.csproj", "{C052328F-FDD4-464C-9D6C-51E3242B4523}"
EndProject
Project("{96E2B04D-8817-42C6-938A-82C39BA4D311}") = "The RunContent", "The Run\The RunContent\The RunContent.contentproj", "{EDAA616E-FAA9-4026-AF66-0DA57D77454F}"
EndProject
Project("{FAE04EC0-301F-11D3-BF4B-00C04F79EFBC}") = "JAVIengine", "JAVIengine\JAVIengine.csproj", "{7DD9051E-AA0D-49B9-BCBE-5BCBE5D9B347}"
EndProject
Global
	GlobalSection(SolutionConfigurationPlatforms) = preSolution
		Debug|x86 = Debug|x86
		Release|x86 = Release|x86
	EndGlobalSection
	GlobalSection(ProjectConfigurationPlatforms) = postSolution
		{C052328F-FDD4-464C-9D6C-51E3242B4523}.Debug|x86.ActiveCfg = Debug|x86
		{C052328F-FDD4-464C-9D6C-51E3242B4523}.Debug|x86.Build.0 = Debug|x86
		{C052328F-FDD4-464C-9D6C-51E3242B4523}.Release|x86.ActiveCfg = Release|x86
		{C052328F-FDD4-464C-9D6C-51E3242B4523}.Release|x86.Build.0 = Release|x86
		{EDAA616E-FAA9-4026-AF66-0DA57D77454F}.Debug|x86.ActiveCfg = Debug|x86
		{EDAA616E-FAA9-4026-AF66-0DA57D77454F}.Release|x86.ActiveCfg = Release|x86
		{7DD9051E-AA0D-49B9-BCBE-5BCBE5D9B347}.Debug|x86.ActiveCfg = Debug|x86
		{7DD9051E-AA0D-49B9-BCBE-5BCBE5D9B347}.Debug|x86.Build.0 = Debug|x86
		{7DD9051E-AA0D-49B9-BCBE-5BCBE5D9B347}.Release|x86.ActiveCfg = Release|x86
		{7DD9051E-AA0D-49B9-BCBE-5BCBE5D9B347}.Release|x86.Build.0 = Release|x86
	EndGlobalSection
	GlobalSection(SolutionProperties) = preSolution
		HideSolutionNode = FALSE
	EndGlobalSection
EndGlobal
